
Microsoft Visual Studio Solution File, Format Version 12.00
# Visual Studio 14
VisualStudioVersion = 14.0.25420.1
MinimumVisualStudioVersion = 10.0.40219.1
Project("{FAE04EC0-301F-11D3-BF4B-00C04F79EFBC}") = "IrrigationApi", "IrrigationApi\IrrigationApi.csproj", "{300F1AE5-5C1E-42E8-8C22-6D90FF3183AE}"
EndProject
Project("{FAE04EC0-301F-11D3-BF4B-00C04F79EFBC}") = "IrrigationWorker", "IrrigationWorker\IrrigationWorker.csproj", "{7A0EE350-C881-434B-8F54-5F486B9E179E}"
EndProject
Global
	GlobalSection(SolutionConfigurationPlatforms) = preSolution
		Debug|Any CPU = Debug|Any CPU
		Release|Any CPU = Release|Any CPU
	EndGlobalSection
	GlobalSection(ProjectConfigurationPlatforms) = postSolution
		{300F1AE5-5C1E-42E8-8C22-6D90FF3183AE}.Debug|Any CPU.ActiveCfg = Debug|Any CPU
		{300F1AE5-5C1E-42E8-8C22-6D90FF3183AE}.Debug|Any CPU.Build.0 = Debug|Any CPU
		{300F1AE5-5C1E-42E8-8C22-6D90FF3183AE}.Release|Any CPU.ActiveCfg = Release|Any CPU
		{300F1AE5-5C1E-42E8-8C22-6D90FF3183AE}.Release|Any CPU.Build.0 = Release|Any CPU
		{7A0EE350-C881-434B-8F54-5F486B9E179E}.Debug|Any CPU.ActiveCfg = Debug|Any CPU
		{7A0EE350-C881-434B-8F54-5F486B9E179E}.Debug|Any CPU.Build.0 = Debug|Any CPU
		{7A0EE350-C881-434B-8F54-5F486B9E179E}.Release|Any CPU.ActiveCfg = Release|Any CPU
		{7A0EE350-C881-434B-8F54-5F486B9E179E}.Release|Any CPU.Build.0 = Release|Any CPU
	EndGlobalSection
	GlobalSection(SolutionProperties) = preSolution
		HideSolutionNode = FALSE
	EndGlobalSection
EndGlobal
