{
  "lockfileVersion": 1,
  "dependencies": {
    "bootstrap": {
      "version": "3.3.7",
      "resolved": "https://registry.npmjs.org/bootstrap/-/bootstrap-3.3.7.tgz",
      "integrity": "sha1-WjiTlFSfIzMIdaOxUGVldPip63E="
    },
    "ngx-bootstrap": {
      "version": "1.9.3",
      "resolved": "https://registry.npmjs.org/ngx-bootstrap/-/ngx-bootstrap-1.9.3.tgz",
      "integrity": "sha512-beoKQGJEFwdg0ctIpGb+vx4PTPkyqHrA5tBAEbnUn7ZlTjjfA6533QYGv3qVoKPDNkkHmLA3lRjWKxEMYepCdg=="
    }
  }
}
